// !$*UTF8*$!
{
	archiveVersion = 1;
	classes = {
	};
	objectVersion = 46;
	objects = {

/* Begin PBXBuildFile section */
		0E6ACBCC1EA7FF140010F902 /* GoogleService-Info.plist in Resources */ = {isa = PBXBuildFile; fileRef = 0E6ACBCB1EA7FF140010F902 /* GoogleService-Info.plist */; };
		3173BD192EE3F086550724EC /* Pods_SyncApp.framework in Frameworks */ = {isa = PBXBuildFile; fileRef = 31B4E07942033E1B58096354 /* Pods_SyncApp.framework */; };
		3A097C071EA7D10C00CB6E96 /* LabelCell.swift in Sources */ = {isa = PBXBuildFile; fileRef = 3A097C061EA7D10C00CB6E96 /* LabelCell.swift */; };
		3A097C091EA7D16700CB6E96 /* TextFieldCell.swift in Sources */ = {isa = PBXBuildFile; fileRef = 3A097C081EA7D16700CB6E96 /* TextFieldCell.swift */; };
		3A097C0B1EA7D1A200CB6E96 /* SwitchCell.swift in Sources */ = {isa = PBXBuildFile; fileRef = 3A097C0A1EA7D1A200CB6E96 /* SwitchCell.swift */; };
		3A097C0F1EA7D42900CB6E96 /* PickerCell.swift in Sources */ = {isa = PBXBuildFile; fileRef = 3A097C0E1EA7D42900CB6E96 /* PickerCell.swift */; };
		3A097C121EA7E01200CB6E96 /* Model.swift in Sources */ = {isa = PBXBuildFile; fileRef = 3A097C111EA7E01200CB6E96 /* Model.swift */; };
		3A6367751EA6CD750005CB9B /* AppDelegate.swift in Sources */ = {isa = PBXBuildFile; fileRef = 3A6367741EA6CD750005CB9B /* AppDelegate.swift */; };
		3A6367771EA6CD750005CB9B /* ViewController.swift in Sources */ = {isa = PBXBuildFile; fileRef = 3A6367761EA6CD750005CB9B /* ViewController.swift */; };
		3A63677A1EA6CD750005CB9B /* Main.storyboard in Resources */ = {isa = PBXBuildFile; fileRef = 3A6367781EA6CD750005CB9B /* Main.storyboard */; };
		3A63677C1EA6CD750005CB9B /* Assets.xcassets in Resources */ = {isa = PBXBuildFile; fileRef = 3A63677B1EA6CD750005CB9B /* Assets.xcassets */; };
		3A63677F1EA6CD750005CB9B /* LaunchScreen.storyboard in Resources */ = {isa = PBXBuildFile; fileRef = 3A63677D1EA6CD750005CB9B /* LaunchScreen.storyboard */; };
		3A63678A1EA6CD750005CB9B /* SyncAppTests.swift in Sources */ = {isa = PBXBuildFile; fileRef = 3A6367891EA6CD750005CB9B /* SyncAppTests.swift */; };
		3A6367951EA6CD750005CB9B /* SyncAppUITests.swift in Sources */ = {isa = PBXBuildFile; fileRef = 3A6367941EA6CD750005CB9B /* SyncAppUITests.swift */; };
/* End PBXBuildFile section */

/* Begin PBXContainerItemProxy section */
		3A6367861EA6CD750005CB9B /* PBXContainerItemProxy */ = {
			isa = PBXContainerItemProxy;
			containerPortal = 3A6367691EA6CD750005CB9B /* Project object */;
			proxyType = 1;
			remoteGlobalIDString = 3A6367701EA6CD750005CB9B;
			remoteInfo = SyncApp;
		};
		3A6367911EA6CD750005CB9B /* PBXContainerItemProxy */ = {
			isa = PBXContainerItemProxy;
			containerPortal = 3A6367691EA6CD750005CB9B /* Project object */;
			proxyType = 1;
			remoteGlobalIDString = 3A6367701EA6CD750005CB9B;
			remoteInfo = SyncApp;
		};
/* End PBXContainerItemProxy section */

/* Begin PBXFileReference section */
		0E6ACBCB1EA7FF140010F902 /* GoogleService-Info.plist */ = {isa = PBXFileReference; fileEncoding = 4; lastKnownFileType = text.plist.xml; path = "GoogleService-Info.plist"; sourceTree = "<group>"; };
		31B4E07942033E1B58096354 /* Pods_SyncApp.framework */ = {isa = PBXFileReference; explicitFileType = wrapper.framework; includeInIndex = 0; path = Pods_SyncApp.framework; sourceTree = BUILT_PRODUCTS_DIR; };
		3A097C061EA7D10C00CB6E96 /* LabelCell.swift */ = {isa = PBXFileReference; fileEncoding = 4; lastKnownFileType = sourcecode.swift; path = LabelCell.swift; sourceTree = "<group>"; };
		3A097C081EA7D16700CB6E96 /* TextFieldCell.swift */ = {isa = PBXFileReference; fileEncoding = 4; lastKnownFileType = sourcecode.swift; path = TextFieldCell.swift; sourceTree = "<group>"; };
		3A097C0A1EA7D1A200CB6E96 /* SwitchCell.swift */ = {isa = PBXFileReference; fileEncoding = 4; lastKnownFileType = sourcecode.swift; path = SwitchCell.swift; sourceTree = "<group>"; };
		3A097C0E1EA7D42900CB6E96 /* PickerCell.swift */ = {isa = PBXFileReference; fileEncoding = 4; lastKnownFileType = sourcecode.swift; path = PickerCell.swift; sourceTree = "<group>"; };
		3A097C111EA7E01200CB6E96 /* Model.swift */ = {isa = PBXFileReference; fileEncoding = 4; lastKnownFileType = sourcecode.swift; path = Model.swift; sourceTree = "<group>"; };
		3A6367711EA6CD750005CB9B /* SyncApp.app */ = {isa = PBXFileReference; explicitFileType = wrapper.application; includeInIndex = 0; path = SyncApp.app; sourceTree = BUILT_PRODUCTS_DIR; };
		3A6367741EA6CD750005CB9B /* AppDelegate.swift */ = {isa = PBXFileReference; lastKnownFileType = sourcecode.swift; path = AppDelegate.swift; sourceTree = "<group>"; };
		3A6367761EA6CD750005CB9B /* ViewController.swift */ = {isa = PBXFileReference; lastKnownFileType = sourcecode.swift; path = ViewController.swift; sourceTree = "<group>"; };
		3A6367791EA6CD750005CB9B /* Base */ = {isa = PBXFileReference; lastKnownFileType = file.storyboard; name = Base; path = Base.lproj/Main.storyboard; sourceTree = "<group>"; };
		3A63677B1EA6CD750005CB9B /* Assets.xcassets */ = {isa = PBXFileReference; lastKnownFileType = folder.assetcatalog; path = Assets.xcassets; sourceTree = "<group>"; };
		3A63677E1EA6CD750005CB9B /* Base */ = {isa = PBXFileReference; lastKnownFileType = file.storyboard; name = Base; path = Base.lproj/LaunchScreen.storyboard; sourceTree = "<group>"; };
		3A6367801EA6CD750005CB9B /* Info.plist */ = {isa = PBXFileReference; lastKnownFileType = text.plist.xml; path = Info.plist; sourceTree = "<group>"; };
		3A6367851EA6CD750005CB9B /* SyncAppTests.xctest */ = {isa = PBXFileReference; explicitFileType = wrapper.cfbundle; includeInIndex = 0; path = SyncAppTests.xctest; sourceTree = BUILT_PRODUCTS_DIR; };
		3A6367891EA6CD750005CB9B /* SyncAppTests.swift */ = {isa = PBXFileReference; lastKnownFileType = sourcecode.swift; path = SyncAppTests.swift; sourceTree = "<group>"; };
		3A63678B1EA6CD750005CB9B /* Info.plist */ = {isa = PBXFileReference; lastKnownFileType = text.plist.xml; path = Info.plist; sourceTree = "<group>"; };
		3A6367901EA6CD750005CB9B /* SyncAppUITests.xctest */ = {isa = PBXFileReference; explicitFileType = wrapper.cfbundle; includeInIndex = 0; path = SyncAppUITests.xctest; sourceTree = BUILT_PRODUCTS_DIR; };
		3A6367941EA6CD750005CB9B /* SyncAppUITests.swift */ = {isa = PBXFileReference; lastKnownFileType = sourcecode.swift; path = SyncAppUITests.swift; sourceTree = "<group>"; };
		3A6367961EA6CD750005CB9B /* Info.plist */ = {isa = PBXFileReference; lastKnownFileType = text.plist.xml; path = Info.plist; sourceTree = "<group>"; };
		8F2414E68FF932D40F839F4E /* Pods-SyncApp.debug.xcconfig */ = {isa = PBXFileReference; includeInIndex = 1; lastKnownFileType = text.xcconfig; name = "Pods-SyncApp.debug.xcconfig"; path = "Pods/Target Support Files/Pods-SyncApp/Pods-SyncApp.debug.xcconfig"; sourceTree = "<group>"; };
		96064B0F72AEAF1E6A31B5DF /* Pods-SyncApp.release.xcconfig */ = {isa = PBXFileReference; includeInIndex = 1; lastKnownFileType = text.xcconfig; name = "Pods-SyncApp.release.xcconfig"; path = "Pods/Target Support Files/Pods-SyncApp/Pods-SyncApp.release.xcconfig"; sourceTree = "<group>"; };
/* End PBXFileReference section */

/* Begin PBXFrameworksBuildPhase section */
		3A63676E1EA6CD750005CB9B /* Frameworks */ = {
			isa = PBXFrameworksBuildPhase;
			buildActionMask = 2147483647;
			files = (
				3173BD192EE3F086550724EC /* Pods_SyncApp.framework in Frameworks */,
			);
			runOnlyForDeploymentPostprocessing = 0;
		};
		3A6367821EA6CD750005CB9B /* Frameworks */ = {
			isa = PBXFrameworksBuildPhase;
			buildActionMask = 2147483647;
			files = (
			);
			runOnlyForDeploymentPostprocessing = 0;
		};
		3A63678D1EA6CD750005CB9B /* Frameworks */ = {
			isa = PBXFrameworksBuildPhase;
			buildActionMask = 2147483647;
			files = (
			);
			runOnlyForDeploymentPostprocessing = 0;
		};
/* End PBXFrameworksBuildPhase section */

/* Begin PBXGroup section */
		14E9C946DE2EA7FD1FFD1FAA /* Pods */ = {
			isa = PBXGroup;
			children = (
				8F2414E68FF932D40F839F4E /* Pods-SyncApp.debug.xcconfig */,
				96064B0F72AEAF1E6A31B5DF /* Pods-SyncApp.release.xcconfig */,
			);
			name = Pods;
			sourceTree = "<group>";
		};
		3A097C051EA7CCC900CB6E96 /* Cell */ = {
			isa = PBXGroup;
			children = (
				3A097C061EA7D10C00CB6E96 /* LabelCell.swift */,
				3A097C081EA7D16700CB6E96 /* TextFieldCell.swift */,
				3A097C0A1EA7D1A200CB6E96 /* SwitchCell.swift */,
				3A097C0E1EA7D42900CB6E96 /* PickerCell.swift */,
			);
			name = Cell;
			sourceTree = "<group>";
		};
		3A097C101EA7E00100CB6E96 /* Model */ = {
			isa = PBXGroup;
			children = (
				3A097C111EA7E01200CB6E96 /* Model.swift */,
			);
			name = Model;
			sourceTree = "<group>";
		};
		3A6367681EA6CD750005CB9B = {
			isa = PBXGroup;
			children = (
				3A6367731EA6CD750005CB9B /* SyncApp */,
				3A6367881EA6CD750005CB9B /* SyncAppTests */,
				3A6367931EA6CD750005CB9B /* SyncAppUITests */,
				3A6367721EA6CD750005CB9B /* Products */,
				14E9C946DE2EA7FD1FFD1FAA /* Pods */,
				3F9B1362A893905E1398996D /* Frameworks */,
			);
			sourceTree = "<group>";
		};
		3A6367721EA6CD750005CB9B /* Products */ = {
			isa = PBXGroup;
			children = (
				3A6367711EA6CD750005CB9B /* SyncApp.app */,
				3A6367851EA6CD750005CB9B /* SyncAppTests.xctest */,
				3A6367901EA6CD750005CB9B /* SyncAppUITests.xctest */,
			);
			name = Products;
			sourceTree = "<group>";
		};
		3A6367731EA6CD750005CB9B /* SyncApp */ = {
			isa = PBXGroup;
			children = (
				3A097C101EA7E00100CB6E96 /* Model */,
				3A097C051EA7CCC900CB6E96 /* Cell */,
				3A6367741EA6CD750005CB9B /* AppDelegate.swift */,
				3A6367761EA6CD750005CB9B /* ViewController.swift */,
				3A6367781EA6CD750005CB9B /* Main.storyboard */,
				3A63677B1EA6CD750005CB9B /* Assets.xcassets */,
				3A63677D1EA6CD750005CB9B /* LaunchScreen.storyboard */,
				3A6367801EA6CD750005CB9B /* Info.plist */,
				0E6ACBCB1EA7FF140010F902 /* GoogleService-Info.plist */,
			);
			path = SyncApp;
			sourceTree = "<group>";
		};
		3A6367881EA6CD750005CB9B /* SyncAppTests */ = {
			isa = PBXGroup;
			children = (
				3A6367891EA6CD750005CB9B /* SyncAppTests.swift */,
				3A63678B1EA6CD750005CB9B /* Info.plist */,
			);
			path = SyncAppTests;
			sourceTree = "<group>";
		};
		3A6367931EA6CD750005CB9B /* SyncAppUITests */ = {
			isa = PBXGroup;
			children = (
				3A6367941EA6CD750005CB9B /* SyncAppUITests.swift */,
				3A6367961EA6CD750005CB9B /* Info.plist */,
			);
			path = SyncAppUITests;
			sourceTree = "<group>";
		};
		3F9B1362A893905E1398996D /* Frameworks */ = {
			isa = PBXGroup;
			children = (
				31B4E07942033E1B58096354 /* Pods_SyncApp.framework */,
			);
			name = Frameworks;
			sourceTree = "<group>";
		};
/* End PBXGroup section */

/* Begin PBXNativeTarget section */
		3A6367701EA6CD750005CB9B /* SyncApp */ = {
			isa = PBXNativeTarget;
			buildConfigurationList = 3A6367991EA6CD750005CB9B /* Build configuration list for PBXNativeTarget "SyncApp" */;
			buildPhases = (
				55BD0121C39C689F3AFBAA90 /* [CP] Check Pods Manifest.lock */,
				3A63676D1EA6CD750005CB9B /* Sources */,
				3A63676E1EA6CD750005CB9B /* Frameworks */,
				3A63676F1EA6CD750005CB9B /* Resources */,
				EB641566766016893A2B6409 /* [CP] Embed Pods Frameworks */,
				92E8344EC7F352EAFC98076D /* [CP] Copy Pods Resources */,
			);
			buildRules = (
			);
			dependencies = (
			);
			name = SyncApp;
			productName = SyncApp;
			productReference = 3A6367711EA6CD750005CB9B /* SyncApp.app */;
			productType = "com.apple.product-type.application";
		};
		3A6367841EA6CD750005CB9B /* SyncAppTests */ = {
			isa = PBXNativeTarget;
			buildConfigurationList = 3A63679C1EA6CD750005CB9B /* Build configuration list for PBXNativeTarget "SyncAppTests" */;
			buildPhases = (
				3A6367811EA6CD750005CB9B /* Sources */,
				3A6367821EA6CD750005CB9B /* Frameworks */,
				3A6367831EA6CD750005CB9B /* Resources */,
			);
			buildRules = (
			);
			dependencies = (
				3A6367871EA6CD750005CB9B /* PBXTargetDependency */,
			);
			name = SyncAppTests;
			productName = SyncAppTests;
			productReference = 3A6367851EA6CD750005CB9B /* SyncAppTests.xctest */;
			productType = "com.apple.product-type.bundle.unit-test";
		};
		3A63678F1EA6CD750005CB9B /* SyncAppUITests */ = {
			isa = PBXNativeTarget;
			buildConfigurationList = 3A63679F1EA6CD750005CB9B /* Build configuration list for PBXNativeTarget "SyncAppUITests" */;
			buildPhases = (
				3A63678C1EA6CD750005CB9B /* Sources */,
				3A63678D1EA6CD750005CB9B /* Frameworks */,
				3A63678E1EA6CD750005CB9B /* Resources */,
			);
			buildRules = (
			);
			dependencies = (
				3A6367921EA6CD750005CB9B /* PBXTargetDependency */,
			);
			name = SyncAppUITests;
			productName = SyncAppUITests;
			productReference = 3A6367901EA6CD750005CB9B /* SyncAppUITests.xctest */;
			productType = "com.apple.product-type.bundle.ui-testing";
		};
/* End PBXNativeTarget section */

/* Begin PBXProject section */
		3A6367691EA6CD750005CB9B /* Project object */ = {
			isa = PBXProject;
			attributes = {
				LastSwiftUpdateCheck = 0830;
				LastUpgradeCheck = 0830;
				ORGANIZATIONNAME = "Jing Si";
				TargetAttributes = {
					3A6367701EA6CD750005CB9B = {
						CreatedOnToolsVersion = 8.3.1;
						DevelopmentTeam = 9BES9T5686;
						ProvisioningStyle = Automatic;
					};
					3A6367841EA6CD750005CB9B = {
						CreatedOnToolsVersion = 8.3.1;
						ProvisioningStyle = Automatic;
						TestTargetID = 3A6367701EA6CD750005CB9B;
					};
					3A63678F1EA6CD750005CB9B = {
						CreatedOnToolsVersion = 8.3.1;
						ProvisioningStyle = Automatic;
						TestTargetID = 3A6367701EA6CD750005CB9B;
					};
				};
			};
			buildConfigurationList = 3A63676C1EA6CD750005CB9B /* Build configuration list for PBXProject "SyncApp" */;
			compatibilityVersion = "Xcode 3.2";
			developmentRegion = English;
			hasScannedForEncodings = 0;
			knownRegions = (
				en,
				Base,
			);
			mainGroup = 3A6367681EA6CD750005CB9B;
			productRefGroup = 3A6367721EA6CD750005CB9B /* Products */;
			projectDirPath = "";
			projectRoot = "";
			targets = (
				3A6367701EA6CD750005CB9B /* SyncApp */,
				3A6367841EA6CD750005CB9B /* SyncAppTests */,
				3A63678F1EA6CD750005CB9B /* SyncAppUITests */,
			);
		};
/* End PBXProject section */

/* Begin PBXResourcesBuildPhase section */
		3A63676F1EA6CD750005CB9B /* Resources */ = {
			isa = PBXResourcesBuildPhase;
			buildActionMask = 2147483647;
			files = (
				3A63677F1EA6CD750005CB9B /* LaunchScreen.storyboard in Resources */,
				0E6ACBCC1EA7FF140010F902 /* GoogleService-Info.plist in Resources */,
				3A63677C1EA6CD750005CB9B /* Assets.xcassets in Resources */,
				3A63677A1EA6CD750005CB9B /* Main.storyboard in Resources */,
			);
			runOnlyForDeploymentPostprocessing = 0;
		};
		3A6367831EA6CD750005CB9B /* Resources */ = {
			isa = PBXResourcesBuildPhase;
			buildActionMask = 2147483647;
			files = (
			);
			runOnlyForDeploymentPostprocessing = 0;
		};
		3A63678E1EA6CD750005CB9B /* Resources */ = {
			isa = PBXResourcesBuildPhase;
			buildActionMask = 2147483647;
			files = (
			);
			runOnlyForDeploymentPostprocessing = 0;
		};
/* End PBXResourcesBuildPhase section */

/* Begin PBXShellScriptBuildPhase section */
		55BD0121C39C689F3AFBAA90 /* [CP] Check Pods Manifest.lock */ = {
			isa = PBXShellScriptBuildPhase;
			buildActionMask = 2147483647;
			files = (
			);
			inputPaths = (
			);
			name = "[CP] Check Pods Manifest.lock";
			outputPaths = (
			);
			runOnlyForDeploymentPostprocessing = 0;
			shellPath = /bin/sh;
			shellScript = "diff \"${PODS_ROOT}/../Podfile.lock\" \"${PODS_ROOT}/Manifest.lock\" > /dev/null\nif [ $? != 0 ] ; then\n    # print error to STDERR\n    echo \"error: The sandbox is not in sync with the Podfile.lock. Run 'pod install' or update your CocoaPods installation.\" >&2\n    exit 1\nfi\n";
			showEnvVarsInLog = 0;
		};
		92E8344EC7F352EAFC98076D /* [CP] Copy Pods Resources */ = {
			isa = PBXShellScriptBuildPhase;
			buildActionMask = 2147483647;
			files = (
			);
			inputPaths = (
			);
			name = "[CP] Copy Pods Resources";
			outputPaths = (
			);
			runOnlyForDeploymentPostprocessing = 0;
			shellPath = /bin/sh;
			shellScript = "\"${SRCROOT}/Pods/Target Support Files/Pods-SyncApp/Pods-SyncApp-resources.sh\"\n";
			showEnvVarsInLog = 0;
		};
		EB641566766016893A2B6409 /* [CP] Embed Pods Frameworks */ = {
			isa = PBXShellScriptBuildPhase;
			buildActionMask = 2147483647;
			files = (
			);
			inputPaths = (
			);
			name = "[CP] Embed Pods Frameworks";
			outputPaths = (
			);
			runOnlyForDeploymentPostprocessing = 0;
			shellPath = /bin/sh;
			shellScript = "\"${SRCROOT}/Pods/Target Support Files/Pods-SyncApp/Pods-SyncApp-frameworks.sh\"\n";
			showEnvVarsInLog = 0;
		};
/* End PBXShellScriptBuildPhase section */

/* Begin PBXSourcesBuildPhase section */
		3A63676D1EA6CD750005CB9B /* Sources */ = {
			isa = PBXSourcesBuildPhase;
			buildActionMask = 2147483647;
			files = (
				3A097C121EA7E01200CB6E96 /* Model.swift in Sources */,
				3A6367771EA6CD750005CB9B /* ViewController.swift in Sources */,
				3A097C071EA7D10C00CB6E96 /* LabelCell.swift in Sources */,
				3A6367751EA6CD750005CB9B /* AppDelegate.swift in Sources */,
				3A097C091EA7D16700CB6E96 /* TextFieldCell.swift in Sources */,
				3A097C0B1EA7D1A200CB6E96 /* SwitchCell.swift in Sources */,
				3A097C0F1EA7D42900CB6E96 /* PickerCell.swift in Sources */,
			);
			runOnlyForDeploymentPostprocessing = 0;
		};
		3A6367811EA6CD750005CB9B /* Sources */ = {
			isa = PBXSourcesBuildPhase;
			buildActionMask = 2147483647;
			files = (
				3A63678A1EA6CD750005CB9B /* SyncAppTests.swift in Sources */,
			);
			runOnlyForDeploymentPostprocessing = 0;
		};
		3A63678C1EA6CD750005CB9B /* Sources */ = {
			isa = PBXSourcesBuildPhase;
			buildActionMask = 2147483647;
			files = (
				3A6367951EA6CD750005CB9B /* SyncAppUITests.swift in Sources */,
			);
			runOnlyForDeploymentPostprocessing = 0;
		};
/* End PBXSourcesBuildPhase section */

/* Begin PBXTargetDependency section */
		3A6367871EA6CD750005CB9B /* PBXTargetDependency */ = {
			isa = PBXTargetDependency;
			target = 3A6367701EA6CD750005CB9B /* SyncApp */;
			targetProxy = 3A6367861EA6CD750005CB9B /* PBXContainerItemProxy */;
		};
		3A6367921EA6CD750005CB9B /* PBXTargetDependency */ = {
			isa = PBXTargetDependency;
			target = 3A6367701EA6CD750005CB9B /* SyncApp */;
			targetProxy = 3A6367911EA6CD750005CB9B /* PBXContainerItemProxy */;
		};
/* End PBXTargetDependency section */

/* Begin PBXVariantGroup section */
		3A6367781EA6CD750005CB9B /* Main.storyboard */ = {
			isa = PBXVariantGroup;
			children = (
				3A6367791EA6CD750005CB9B /* Base */,
			);
			name = Main.storyboard;
			sourceTree = "<group>";
		};
		3A63677D1EA6CD750005CB9B /* LaunchScreen.storyboard */ = {
			isa = PBXVariantGroup;
			children = (
				3A63677E1EA6CD750005CB9B /* Base */,
			);
			name = LaunchScreen.storyboard;
			sourceTree = "<group>";
		};
/* End PBXVariantGroup section */

/* Begin XCBuildConfiguration section */
		3A6367971EA6CD750005CB9B /* Debug */ = {
			isa = XCBuildConfiguration;
			buildSettings = {
				ALWAYS_SEARCH_USER_PATHS = NO;
				CLANG_ANALYZER_NONNULL = YES;
				CLANG_ANALYZER_NUMBER_OBJECT_CONVERSION = YES_AGGRESSIVE;
				CLANG_CXX_LANGUAGE_STANDARD = "gnu++0x";
				CLANG_CXX_LIBRARY = "libc++";
				CLANG_ENABLE_MODULES = YES;
				CLANG_ENABLE_OBJC_ARC = YES;
				CLANG_WARN_BOOL_CONVERSION = YES;
				CLANG_WARN_CONSTANT_CONVERSION = YES;
				CLANG_WARN_DIRECT_OBJC_ISA_USAGE = YES_ERROR;
				CLANG_WARN_DOCUMENTATION_COMMENTS = YES;
				CLANG_WARN_EMPTY_BODY = YES;
				CLANG_WARN_ENUM_CONVERSION = YES;
				CLANG_WARN_INFINITE_RECURSION = YES;
				CLANG_WARN_INT_CONVERSION = YES;
				CLANG_WARN_OBJC_ROOT_CLASS = YES_ERROR;
				CLANG_WARN_SUSPICIOUS_MOVE = YES;
				CLANG_WARN_UNREACHABLE_CODE = YES;
				CLANG_WARN__DUPLICATE_METHOD_MATCH = YES;
				"CODE_SIGN_IDENTITY[sdk=iphoneos*]" = "iPhone Developer";
				COPY_PHASE_STRIP = NO;
				DEBUG_INFORMATION_FORMAT = dwarf;
				ENABLE_STRICT_OBJC_MSGSEND = YES;
				ENABLE_TESTABILITY = YES;
				GCC_C_LANGUAGE_STANDARD = gnu99;
				GCC_DYNAMIC_NO_PIC = NO;
				GCC_NO_COMMON_BLOCKS = YES;
				GCC_OPTIMIZATION_LEVEL = 0;
				GCC_PREPROCESSOR_DEFINITIONS = (
					"DEBUG=1",
					"$(inherited)",
				);
				GCC_WARN_64_TO_32_BIT_CONVERSION = YES;
				GCC_WARN_ABOUT_RETURN_TYPE = YES_ERROR;
				GCC_WARN_UNDECLARED_SELECTOR = YES;
				GCC_WARN_UNINITIALIZED_AUTOS = YES_AGGRESSIVE;
				GCC_WARN_UNUSED_FUNCTION = YES;
				GCC_WARN_UNUSED_VARIABLE = YES;
				IPHONEOS_DEPLOYMENT_TARGET = 10.3;
				MTL_ENABLE_DEBUG_INFO = YES;
				ONLY_ACTIVE_ARCH = YES;
				SDKROOT = iphoneos;
				SWIFT_ACTIVE_COMPILATION_CONDITIONS = DEBUG;
				SWIFT_OPTIMIZATION_LEVEL = "-Onone";
				TARGETED_DEVICE_FAMILY = "1,2";
			};
			name = Debug;
		};
		3A6367981EA6CD750005CB9B /* Release */ = {
			isa = XCBuildConfiguration;
			buildSettings = {
				ALWAYS_SEARCH_USER_PATHS = NO;
				CLANG_ANALYZER_NONNULL = YES;
				CLANG_ANALYZER_NUMBER_OBJECT_CONVERSION = YES_AGGRESSIVE;
				CLANG_CXX_LANGUAGE_STANDARD = "gnu++0x";
				CLANG_CXX_LIBRARY = "libc++";
				CLANG_ENABLE_MODULES = YES;
				CLANG_ENABLE_OBJC_ARC = YES;
				CLANG_WARN_BOOL_CONVERSION = YES;
				CLANG_WARN_CONSTANT_CONVERSION = YES;
				CLANG_WARN_DIRECT_OBJC_ISA_USAGE = YES_ERROR;
				CLANG_WARN_DOCUMENTATION_COMMENTS = YES;
				CLANG_WARN_EMPTY_BODY = YES;
				CLANG_WARN_ENUM_CONVERSION = YES;
				CLANG_WARN_INFINITE_RECURSION = YES;
				CLANG_WARN_INT_CONVERSION = YES;
				CLANG_WARN_OBJC_ROOT_CLASS = YES_ERROR;
				CLANG_WARN_SUSPICIOUS_MOVE = YES;
				CLANG_WARN_UNREACHABLE_CODE = YES;
				CLANG_WARN__DUPLICATE_METHOD_MATCH = YES;
				"CODE_SIGN_IDENTITY[sdk=iphoneos*]" = "iPhone Developer";
				COPY_PHASE_STRIP = NO;
				DEBUG_INFORMATION_FORMAT = "dwarf-with-dsym";
				ENABLE_NS_ASSERTIONS = NO;
				ENABLE_STRICT_OBJC_MSGSEND = YES;
				GCC_C_LANGUAGE_STANDARD = gnu99;
				GCC_NO_COMMON_BLOCKS = YES;
				GCC_WARN_64_TO_32_BIT_CONVERSION = YES;
				GCC_WARN_ABOUT_RETURN_TYPE = YES_ERROR;
				GCC_WARN_UNDECLARED_SELECTOR = YES;
				GCC_WARN_UNINITIALIZED_AUTOS = YES_AGGRESSIVE;
				GCC_WARN_UNUSED_FUNCTION = YES;
				GCC_WARN_UNUSED_VARIABLE = YES;
				IPHONEOS_DEPLOYMENT_TARGET = 10.3;
				MTL_ENABLE_DEBUG_INFO = NO;
				SDKROOT = iphoneos;
				SWIFT_OPTIMIZATION_LEVEL = "-Owholemodule";
				TARGETED_DEVICE_FAMILY = "1,2";
				VALIDATE_PRODUCT = YES;
			};
			name = Release;
		};
		3A63679A1EA6CD750005CB9B /* Debug */ = {
			isa = XCBuildConfiguration;
			baseConfigurationReference = 8F2414E68FF932D40F839F4E /* Pods-SyncApp.debug.xcconfig */;
			buildSettings = {
				ASSETCATALOG_COMPILER_APPICON_NAME = AppIcon;
				DEVELOPMENT_TEAM = 9BES9T5686;
				INFOPLIST_FILE = SyncApp/Info.plist;
				LD_RUNPATH_SEARCH_PATHS = "$(inherited) @executable_path/Frameworks";
				PRODUCT_BUNDLE_IDENTIFIER = RaspberryPiProject.TestProject;
				PRODUCT_NAME = "$(TARGET_NAME)";
				SWIFT_VERSION = 3.0;
			};
			name = Debug;
		};
		3A63679B1EA6CD750005CB9B /* Release */ = {
			isa = XCBuildConfiguration;
			baseConfigurationReference = 96064B0F72AEAF1E6A31B5DF /* Pods-SyncApp.release.xcconfig */;
			buildSettings = {
				ASSETCATALOG_COMPILER_APPICON_NAME = AppIcon;
				DEVELOPMENT_TEAM = 9BES9T5686;
				INFOPLIST_FILE = SyncApp/Info.plist;
				LD_RUNPATH_SEARCH_PATHS = "$(inherited) @executable_path/Frameworks";
				PRODUCT_BUNDLE_IDENTIFIER = RaspberryPiProject.TestProject;
				PRODUCT_NAME = "$(TARGET_NAME)";
				SWIFT_VERSION = 3.0;
			};
			name = Release;
		};
		3A63679D1EA6CD750005CB9B /* Debug */ = {
			isa = XCBuildConfiguration;
			buildSettings = {
				ALWAYS_EMBED_SWIFT_STANDARD_LIBRARIES = YES;
				BUNDLE_LOADER = "$(TEST_HOST)";
				INFOPLIST_FILE = SyncAppTests/Info.plist;
				LD_RUNPATH_SEARCH_PATHS = "$(inherited) @executable_path/Frameworks @loader_path/Frameworks";
				PRODUCT_BUNDLE_IDENTIFIER = com.jingsi.SyncAppTests;
				PRODUCT_NAME = "$(TARGET_NAME)";
				SWIFT_VERSION = 3.0;
				TEST_HOST = "$(BUILT_PRODUCTS_DIR)/SyncApp.app/SyncApp";
			};
			name = Debug;
		};
		3A63679E1EA6CD750005CB9B /* Release */ = {
			isa = XCBuildConfiguration;
			buildSettings = {
				ALWAYS_EMBED_SWIFT_STANDARD_LIBRARIES = YES;
				BUNDLE_LOADER = "$(TEST_HOST)";
				INFOPLIST_FILE = SyncAppTests/Info.plist;
				LD_RUNPATH_SEARCH_PATHS = "$(inherited) @executable_path/Frameworks @loader_path/Frameworks";
				PRODUCT_BUNDLE_IDENTIFIER = com.jingsi.SyncAppTests;
				PRODUCT_NAME = "$(TARGET_NAME)";
				SWIFT_VERSION = 3.0;
				TEST_HOST = "$(BUILT_PRODUCTS_DIR)/SyncApp.app/SyncApp";
			};
			name = Release;
		};
		3A6367A01EA6CD750005CB9B /* Debug */ = {
			isa = XCBuildConfiguration;
			buildSettings = {
				ALWAYS_EMBED_SWIFT_STANDARD_LIBRARIES = YES;
				INFOPLIST_FILE = SyncAppUITests/Info.plist;
				LD_RUNPATH_SEARCH_PATHS = "$(inherited) @executable_path/Frameworks @loader_path/Frameworks";
				PRODUCT_BUNDLE_IDENTIFIER = com.jingsi.SyncAppUITests;
				PRODUCT_NAME = "$(TARGET_NAME)";
				SWIFT_VERSION = 3.0;
				TEST_TARGET_NAME = SyncApp;
			};
			name = Debug;
		};
		3A6367A11EA6CD750005CB9B /* Release */ = {
			isa = XCBuildConfiguration;
			buildSettings = {
				ALWAYS_EMBED_SWIFT_STANDARD_LIBRARIES = YES;
				INFOPLIST_FILE = SyncAppUITests/Info.plist;
				LD_RUNPATH_SEARCH_PATHS = "$(inherited) @executable_path/Frameworks @loader_path/Frameworks";
				PRODUCT_BUNDLE_IDENTIFIER = com.jingsi.SyncAppUITests;
				PRODUCT_NAME = "$(TARGET_NAME)";
				SWIFT_VERSION = 3.0;
				TEST_TARGET_NAME = SyncApp;
			};
			name = Release;
		};
/* End XCBuildConfiguration section */

/* Begin XCConfigurationList section */
		3A63676C1EA6CD750005CB9B /* Build configuration list for PBXProject "SyncApp" */ = {
			isa = XCConfigurationList;
			buildConfigurations = (
				3A6367971EA6CD750005CB9B /* Debug */,
				3A6367981EA6CD750005CB9B /* Release */,
			);
			defaultConfigurationIsVisible = 0;
			defaultConfigurationName = Release;
		};
		3A6367991EA6CD750005CB9B /* Build configuration list for PBXNativeTarget "SyncApp" */ = {
			isa = XCConfigurationList;
			buildConfigurations = (
				3A63679A1EA6CD750005CB9B /* Debug */,
				3A63679B1EA6CD750005CB9B /* Release */,
			);
			defaultConfigurationIsVisible = 0;
			defaultConfigurationName = Release;
		};
		3A63679C1EA6CD750005CB9B /* Build configuration list for PBXNativeTarget "SyncAppTests" */ = {
			isa = XCConfigurationList;
			buildConfigurations = (
				3A63679D1EA6CD750005CB9B /* Debug */,
				3A63679E1EA6CD750005CB9B /* Release */,
			);
			defaultConfigurationIsVisible = 0;
			defaultConfigurationName = Release;
		};
		3A63679F1EA6CD750005CB9B /* Build configuration list for PBXNativeTarget "SyncAppUITests" */ = {
			isa = XCConfigurationList;
			buildConfigurations = (
				3A6367A01EA6CD750005CB9B /* Debug */,
				3A6367A11EA6CD750005CB9B /* Release */,
			);
			defaultConfigurationIsVisible = 0;
			defaultConfigurationName = Release;
		};
/* End XCConfigurationList section */
	};
	rootObject = 3A6367691EA6CD750005CB9B /* Project object */;
}
